// !$*UTF8*$!
{
	archiveVersion = 1;
	classes = {
	};
	objectVersion = 46;
	objects = {

/* Begin PBXBuildFile section */
		97AC418315F630A4001DCE88 /* UIKit.framework in Frameworks */ = {isa = PBXBuildFile; fileRef = 97AC418215F630A4001DCE88 /* UIKit.framework */; };
		97AC418515F630A4001DCE88 /* Foundation.framework in Frameworks */ = {isa = PBXBuildFile; fileRef = 97AC418415F630A4001DCE88 /* Foundation.framework */; };
		97AC418715F630A4001DCE88 /* CoreGraphics.framework in Frameworks */ = {isa = PBXBuildFile; fileRef = 97AC418615F630A4001DCE88 /* CoreGraphics.framework */; };
		97AC418D15F630A4001DCE88 /* InfoPlist.strings in Resources */ = {isa = PBXBuildFile; fileRef = 97AC418B15F630A4001DCE88 /* InfoPlist.strings */; };
		97AC418F15F630A4001DCE88 /* main.m in Sources */ = {isa = PBXBuildFile; fileRef = 97AC418E15F630A4001DCE88 /* main.m */; };
		97AC419315F630A4001DCE88 /* AppDelegate.m in Sources */ = {isa = PBXBuildFile; fileRef = 97AC419215F630A4001DCE88 /* AppDelegate.m */; };
		97AC419615F630A4001DCE88 /* MainStoryboard.storyboard in Resources */ = {isa = PBXBuildFile; fileRef = 97AC419415F630A4001DCE88 /* MainStoryboard.storyboard */; };
		97AC419915F630A4001DCE88 /* ViewController.m in Sources */ = {isa = PBXBuildFile; fileRef = 97AC419815F630A4001DCE88 /* ViewController.m */; };
		97AC41A115F630BF001DCE88 /* MSImageView.m in Sources */ = {isa = PBXBuildFile; fileRef = 97AC41A015F630BF001DCE88 /* MSImageView.m */; };
		97AC41A315F633E4001DCE88 /* placeholder.gif in Resources */ = {isa = PBXBuildFile; fileRef = 97AC41A215F633E4001DCE88 /* placeholder.gif */; };
/* End PBXBuildFile section */

/* Begin PBXFileReference section */
		97AC417E15F630A3001DCE88 /* MSImageView.app */ = {isa = PBXFileReference; explicitFileType = wrapper.application; includeInIndex = 0; path = MSImageView.app; sourceTree = BUILT_PRODUCTS_DIR; };
		97AC418215F630A4001DCE88 /* UIKit.framework */ = {isa = PBXFileReference; lastKnownFileType = wrapper.framework; name = UIKit.framework; path = System/Library/Frameworks/UIKit.framework; sourceTree = SDKROOT; };
		97AC418415F630A4001DCE88 /* Foundation.framework */ = {isa = PBXFileReference; lastKnownFileType = wrapper.framework; name = Foundation.framework; path = System/Library/Frameworks/Foundation.framework; sourceTree = SDKROOT; };
		97AC418615F630A4001DCE88 /* CoreGraphics.framework */ = {isa = PBXFileReference; lastKnownFileType = wrapper.framework; name = CoreGraphics.framework; path = System/Library/Frameworks/CoreGraphics.framework; sourceTree = SDKROOT; };
		97AC418A15F630A4001DCE88 /* MSImageView-Info.plist */ = {isa = PBXFileReference; lastKnownFileType = text.plist.xml; path = "MSImageView-Info.plist"; sourceTree = "<group>"; };
		97AC418C15F630A4001DCE88 /* en */ = {isa = PBXFileReference; lastKnownFileType = text.plist.strings; name = en; path = en.lproj/InfoPlist.strings; sourceTree = "<group>"; };
		97AC418E15F630A4001DCE88 /* main.m */ = {isa = PBXFileReference; lastKnownFileType = sourcecode.c.objc; path = main.m; sourceTree = "<group>"; };
		97AC419015F630A4001DCE88 /* MSImageView-Prefix.pch */ = {isa = PBXFileReference; lastKnownFileType = sourcecode.c.h; path = "MSImageView-Prefix.pch"; sourceTree = "<group>"; };
		97AC419115F630A4001DCE88 /* AppDelegate.h */ = {isa = PBXFileReference; lastKnownFileType = sourcecode.c.h; path = AppDelegate.h; sourceTree = "<group>"; };
		97AC419215F630A4001DCE88 /* AppDelegate.m */ = {isa = PBXFileReference; lastKnownFileType = sourcecode.c.objc; path = AppDelegate.m; sourceTree = "<group>"; };
		97AC419515F630A4001DCE88 /* en */ = {isa = PBXFileReference; lastKnownFileType = file.storyboard; name = en; path = en.lproj/MainStoryboard.storyboard; sourceTree = "<group>"; };
		97AC419715F630A4001DCE88 /* ViewController.h */ = {isa = PBXFileReference; lastKnownFileType = sourcecode.c.h; path = ViewController.h; sourceTree = "<group>"; };
		97AC419815F630A4001DCE88 /* ViewController.m */ = {isa = PBXFileReference; lastKnownFileType = sourcecode.c.objc; path = ViewController.m; sourceTree = "<group>"; };
		97AC419F15F630BF001DCE88 /* MSImageView.h */ = {isa = PBXFileReference; fileEncoding = 4; lastKnownFileType = sourcecode.c.h; path = MSImageView.h; sourceTree = "<group>"; };
		97AC41A015F630BF001DCE88 /* MSImageView.m */ = {isa = PBXFileReference; fileEncoding = 4; lastKnownFileType = sourcecode.c.objc; path = MSImageView.m; sourceTree = "<group>"; };
		97AC41A215F633E4001DCE88 /* placeholder.gif */ = {isa = PBXFileReference; lastKnownFileType = image.gif; path = placeholder.gif; sourceTree = "<group>"; };
/* End PBXFileReference section */

/* Begin PBXFrameworksBuildPhase section */
		97AC417B15F630A3001DCE88 /* Frameworks */ = {
			isa = PBXFrameworksBuildPhase;
			buildActionMask = 2147483647;
			files = (
				97AC418315F630A4001DCE88 /* UIKit.framework in Frameworks */,
				97AC418515F630A4001DCE88 /* Foundation.framework in Frameworks */,
				97AC418715F630A4001DCE88 /* CoreGraphics.framework in Frameworks */,
			);
			runOnlyForDeploymentPostprocessing = 0;
		};
/* End PBXFrameworksBuildPhase section */

/* Begin PBXGroup section */
		97AC417315F630A3001DCE88 = {
			isa = PBXGroup;
			children = (
				97AC418815F630A4001DCE88 /* MSImageView */,
				97AC418115F630A3001DCE88 /* Frameworks */,
				97AC417F15F630A3001DCE88 /* Products */,
			);
			sourceTree = "<group>";
		};
		97AC417F15F630A3001DCE88 /* Products */ = {
			isa = PBXGroup;
			children = (
				97AC417E15F630A3001DCE88 /* MSImageView.app */,
			);
			name = Products;
			sourceTree = "<group>";
		};
		97AC418115F630A3001DCE88 /* Frameworks */ = {
			isa = PBXGroup;
			children = (
				97AC418215F630A4001DCE88 /* UIKit.framework */,
				97AC418415F630A4001DCE88 /* Foundation.framework */,
				97AC418615F630A4001DCE88 /* CoreGraphics.framework */,
			);
			name = Frameworks;
			sourceTree = "<group>";
		};
		97AC418815F630A4001DCE88 /* MSImageView */ = {
			isa = PBXGroup;
			children = (
				97AC419115F630A4001DCE88 /* AppDelegate.h */,
				97AC419215F630A4001DCE88 /* AppDelegate.m */,
				97AC419415F630A4001DCE88 /* MainStoryboard.storyboard */,
				97AC419715F630A4001DCE88 /* ViewController.h */,
				97AC419815F630A4001DCE88 /* ViewController.m */,
				97AC419F15F630BF001DCE88 /* MSImageView.h */,
				97AC41A015F630BF001DCE88 /* MSImageView.m */,
				97AC418915F630A4001DCE88 /* Supporting Files */,
			);
			path = MSImageView;
			sourceTree = "<group>";
		};
		97AC418915F630A4001DCE88 /* Supporting Files */ = {
			isa = PBXGroup;
			children = (
				97AC41A215F633E4001DCE88 /* placeholder.gif */,
				97AC418A15F630A4001DCE88 /* MSImageView-Info.plist */,
				97AC418B15F630A4001DCE88 /* InfoPlist.strings */,
				97AC418E15F630A4001DCE88 /* main.m */,
				97AC419015F630A4001DCE88 /* MSImageView-Prefix.pch */,
			);
			name = "Supporting Files";
			sourceTree = "<group>";
		};
/* End PBXGroup section */

/* Begin PBXNativeTarget section */
		97AC417D15F630A3001DCE88 /* MSImageView */ = {
			isa = PBXNativeTarget;
			buildConfigurationList = 97AC419C15F630A4001DCE88 /* Build configuration list for PBXNativeTarget "MSImageView" */;
			buildPhases = (
				97AC417A15F630A3001DCE88 /* Sources */,
				97AC417B15F630A3001DCE88 /* Frameworks */,
				97AC417C15F630A3001DCE88 /* Resources */,
			);
			buildRules = (
			);
			dependencies = (
			);
			name = MSImageView;
			productName = MSImageView;
			productReference = 97AC417E15F630A3001DCE88 /* MSImageView.app */;
			productType = "com.apple.product-type.application";
		};
/* End PBXNativeTarget section */

/* Begin PBXProject section */
		97AC417515F630A3001DCE88 /* Project object */ = {
			isa = PBXProject;
			attributes = {
				LastUpgradeCheck = 0440;
				ORGANIZATIONNAME = "Maycon Queiros";
			};
			buildConfigurationList = 97AC417815F630A3001DCE88 /* Build configuration list for PBXProject "MSImageView" */;
			compatibilityVersion = "Xcode 3.2";
			developmentRegion = English;
			hasScannedForEncodings = 0;
			knownRegions = (
				en,
			);
			mainGroup = 97AC417315F630A3001DCE88;
			productRefGroup = 97AC417F15F630A3001DCE88 /* Products */;
			projectDirPath = "";
			projectRoot = "";
			targets = (
				97AC417D15F630A3001DCE88 /* MSImageView */,
			);
		};
/* End PBXProject section */

/* Begin PBXResourcesBuildPhase section */
		97AC417C15F630A3001DCE88 /* Resources */ = {
			isa = PBXResourcesBuildPhase;
			buildActionMask = 2147483647;
			files = (
				97AC418D15F630A4001DCE88 /* InfoPlist.strings in Resources */,
				97AC419615F630A4001DCE88 /* MainStoryboard.storyboard in Resources */,
				97AC41A315F633E4001DCE88 /* placeholder.gif in Resources */,
			);
			runOnlyForDeploymentPostprocessing = 0;
		};
/* End PBXResourcesBuildPhase section */

/* Begin PBXSourcesBuildPhase section */
		97AC417A15F630A3001DCE88 /* Sources */ = {
			isa = PBXSourcesBuildPhase;
			buildActionMask = 2147483647;
			files = (
				97AC418F15F630A4001DCE88 /* main.m in Sources */,
				97AC419315F630A4001DCE88 /* AppDelegate.m in Sources */,
				97AC419915F630A4001DCE88 /* ViewController.m in Sources */,
				97AC41A115F630BF001DCE88 /* MSImageView.m in Sources */,
			);
			runOnlyForDeploymentPostprocessing = 0;
		};
/* End PBXSourcesBuildPhase section */

/* Begin PBXVariantGroup section */
		97AC418B15F630A4001DCE88 /* InfoPlist.strings */ = {
			isa = PBXVariantGroup;
			children = (
				97AC418C15F630A4001DCE88 /* en */,
			);
			name = InfoPlist.strings;
			sourceTree = "<group>";
		};
		97AC419415F630A4001DCE88 /* MainStoryboard.storyboard */ = {
			isa = PBXVariantGroup;
			children = (
				97AC419515F630A4001DCE88 /* en */,
			);
			name = MainStoryboard.storyboard;
			sourceTree = "<group>";
		};
/* End PBXVariantGroup section */

/* Begin XCBuildConfiguration section */
		97AC419A15F630A4001DCE88 /* Debug */ = {
			isa = XCBuildConfiguration;
			buildSettings = {
				ALWAYS_SEARCH_USER_PATHS = NO;
				ARCHS = "$(ARCHS_STANDARD_32_BIT)";
				CLANG_CXX_LANGUAGE_STANDARD = "gnu++0x";
				CLANG_ENABLE_OBJC_ARC = YES;
				CLANG_WARN__DUPLICATE_METHOD_MATCH = YES;
				"CODE_SIGN_IDENTITY[sdk=iphoneos*]" = "iPhone Developer";
				COPY_PHASE_STRIP = NO;
				GCC_C_LANGUAGE_STANDARD = gnu99;
				GCC_DYNAMIC_NO_PIC = NO;
				GCC_OPTIMIZATION_LEVEL = 0;
				GCC_PREPROCESSOR_DEFINITIONS = (
					"DEBUG=1",
					"$(inherited)",
				);
				GCC_SYMBOLS_PRIVATE_EXTERN = NO;
				GCC_VERSION = com.apple.compilers.llvm.clang.1_0;
				GCC_WARN_ABOUT_RETURN_TYPE = YES;
				GCC_WARN_UNINITIALIZED_AUTOS = YES;
				GCC_WARN_UNUSED_VARIABLE = YES;
				IPHONEOS_DEPLOYMENT_TARGET = 5.1;
				SDKROOT = iphoneos;
			};
			name = Debug;
		};
		97AC419B15F630A4001DCE88 /* Release */ = {
			isa = XCBuildConfiguration;
			buildSettings = {
				ALWAYS_SEARCH_USER_PATHS = NO;
				ARCHS = "$(ARCHS_STANDARD_32_BIT)";
				CLANG_CXX_LANGUAGE_STANDARD = "gnu++0x";
				CLANG_ENABLE_OBJC_ARC = YES;
				CLANG_WARN__DUPLICATE_METHOD_MATCH = YES;
				"CODE_SIGN_IDENTITY[sdk=iphoneos*]" = "iPhone Developer";
				COPY_PHASE_STRIP = YES;
				GCC_C_LANGUAGE_STANDARD = gnu99;
				GCC_VERSION = com.apple.compilers.llvm.clang.1_0;
				GCC_WARN_ABOUT_RETURN_TYPE = YES;
				GCC_WARN_UNINITIALIZED_AUTOS = YES;
				GCC_WARN_UNUSED_VARIABLE = YES;
				IPHONEOS_DEPLOYMENT_TARGET = 5.1;
				OTHER_CFLAGS = "-DNS_BLOCK_ASSERTIONS=1";
				SDKROOT = iphoneos;
				VALIDATE_PRODUCT = YES;
			};
			name = Release;
		};
		97AC419D15F630A4001DCE88 /* Debug */ = {
			isa = XCBuildConfiguration;
			buildSettings = {
				GCC_PRECOMPILE_PREFIX_HEADER = YES;
				GCC_PREFIX_HEADER = "MSImageView/MSImageView-Prefix.pch";
				INFOPLIST_FILE = "MSImageView/MSImageView-Info.plist";
				PRODUCT_NAME = "$(TARGET_NAME)";
				WRAPPER_EXTENSION = app;
			};
			name = Debug;
		};
		97AC419E15F630A4001DCE88 /* Release */ = {
			isa = XCBuildConfiguration;
			buildSettings = {
				GCC_PRECOMPILE_PREFIX_HEADER = YES;
				GCC_PREFIX_HEADER = "MSImageView/MSImageView-Prefix.pch";
				INFOPLIST_FILE = "MSImageView/MSImageView-Info.plist";
				PRODUCT_NAME = "$(TARGET_NAME)";
				WRAPPER_EXTENSION = app;
			};
			name = Release;
		};
/* End XCBuildConfiguration section */

/* Begin XCConfigurationList section */
		97AC417815F630A3001DCE88 /* Build configuration list for PBXProject "MSImageView" */ = {
			isa = XCConfigurationList;
			buildConfigurations = (
				97AC419A15F630A4001DCE88 /* Debug */,
				97AC419B15F630A4001DCE88 /* Release */,
			);
			defaultConfigurationIsVisible = 0;
			defaultConfigurationName = Release;
		};
		97AC419C15F630A4001DCE88 /* Build configuration list for PBXNativeTarget "MSImageView" */ = {
			isa = XCConfigurationList;
			buildConfigurations = (
				97AC419D15F630A4001DCE88 /* Debug */,
				97AC419E15F630A4001DCE88 /* Release */,
			);
			defaultConfigurationIsVisible = 0;
		};
/* End XCConfigurationList section */
	};
	rootObject = 97AC417515F630A3001DCE88 /* Project object */;
}
